// !$*UTF8*$!
{
	archiveVersion = 1;
	classes = {
	};
	objectVersion = 77;
	objects = {

/* Begin PBXBuildFile section */
		D5815C512E3B3C7800CA589B /* FirebaseAnalytics in Frameworks */ = {isa = PBXBuildFile; productRef = D5815C502E3B3C7800CA589B /* FirebaseAnalytics */; };
		D5815C532E3B3C7800CA589B /* FirebaseAuth in Frameworks */ = {isa = PBXBuildFile; productRef = D5815C522E3B3C7800CA589B /* FirebaseAuth */; };
		D5815C552E3B3C7800CA589B /* FirebaseCore in Frameworks */ = {isa = PBXBuildFile; productRef = D5815C542E3B3C7800CA589B /* FirebaseCore */; };
		D5815C572E3B3C7800CA589B /* FirebaseDatabase in Frameworks */ = {isa = PBXBuildFile; productRef = D5815C562E3B3C7800CA589B /* FirebaseDatabase */; };
		D5815C592E3B3C7800CA589B /* FirebaseFirestore in Frameworks */ = {isa = PBXBuildFile; productRef = D5815C582E3B3C7800CA589B /* FirebaseFirestore */; };
		D5815C5B2E3B3C7800CA589B /* FirebaseInAppMessaging-Beta in Frameworks */ = {isa = PBXBuildFile; productRef = D5815C5A2E3B3C7800CA589B /* FirebaseInAppMessaging-Beta */; };
		D5815C5D2E3B3C7800CA589B /* FirebaseInstallations in Frameworks */ = {isa = PBXBuildFile; productRef = D5815C5C2E3B3C7800CA589B /* FirebaseInstallations */; };
		D5815C5F2E3B3C7800CA589B /* FirebaseMessaging in Frameworks */ = {isa = PBXBuildFile; productRef = D5815C5E2E3B3C7800CA589B /* FirebaseMessaging */; };
		D5815C612E3B3C7800CA589B /* FirebasePerformance in Frameworks */ = {isa = PBXBuildFile; productRef = D5815C602E3B3C7800CA589B /* FirebasePerformance */; };
		D5815C632E3B3C7800CA589B /* FirebaseRemoteConfig in Frameworks */ = {isa = PBXBuildFile; productRef = D5815C622E3B3C7800CA589B /* FirebaseRemoteConfig */; };
/* End PBXBuildFile section */

/* Begin PBXContainerItemProxy section */
		D5E62B392E2F4C5A00ED0E48 /* PBXContainerItemProxy */ = {
			isa = PBXContainerItemProxy;
			containerPortal = D5E62B232E2F4C5800ED0E48 /* Project object */;
			proxyType = 1;
			remoteGlobalIDString = D5E62B2A2E2F4C5900ED0E48;
			remoteInfo = HealthRecord;
		};
		D5E62B432E2F4C5A00ED0E48 /* PBXContainerItemProxy */ = {
			isa = PBXContainerItemProxy;
			containerPortal = D5E62B232E2F4C5800ED0E48 /* Project object */;
			proxyType = 1;
			remoteGlobalIDString = D5E62B2A2E2F4C5900ED0E48;
			remoteInfo = HealthRecord;
		};
/* End PBXContainerItemProxy section */

/* Begin PBXFileReference section */
		D5E62B2B2E2F4C5900ED0E48 /* HealthRecord.app */ = {isa = PBXFileReference; explicitFileType = wrapper.application; includeInIndex = 0; path = HealthRecord.app; sourceTree = BUILT_PRODUCTS_DIR; };
		D5E62B382E2F4C5A00ED0E48 /* HealthRecordTests.xctest */ = {isa = PBXFileReference; explicitFileType = wrapper.cfbundle; includeInIndex = 0; path = HealthRecordTests.xctest; sourceTree = BUILT_PRODUCTS_DIR; };
		D5E62B422E2F4C5A00ED0E48 /* HealthRecordUITests.xctest */ = {isa = PBXFileReference; explicitFileType = wrapper.cfbundle; includeInIndex = 0; path = HealthRecordUITests.xctest; sourceTree = BUILT_PRODUCTS_DIR; };
/* End PBXFileReference section */

/* Begin PBXFileSystemSynchronizedRootGroup section */
		D5E62B2D2E2F4C5900ED0E48 /* HealthRecord */ = {
			isa = PBXFileSystemSynchronizedRootGroup;
			path = HealthRecord;
			sourceTree = "<group>";
		};
		D5E62B3B2E2F4C5A00ED0E48 /* HealthRecordTests */ = {
			isa = PBXFileSystemSynchronizedRootGroup;
			path = HealthRecordTests;
			sourceTree = "<group>";
		};
		D5E62B452E2F4C5A00ED0E48 /* HealthRecordUITests */ = {
			isa = PBXFileSystemSynchronizedRootGroup;
			path = HealthRecordUITests;
			sourceTree = "<group>";
		};
/* End PBXFileSystemSynchronizedRootGroup section */

/* Begin PBXFrameworksBuildPhase section */
		D5E62B282E2F4C5900ED0E48 /* Frameworks */ = {
			isa = PBXFrameworksBuildPhase;
			buildActionMask = 2147483647;
			files = (
				D5815C5F2E3B3C7800CA589B /* FirebaseMessaging in Frameworks */,
				D5815C512E3B3C7800CA589B /* FirebaseAnalytics in Frameworks */,
				D5815C612E3B3C7800CA589B /* FirebasePerformance in Frameworks */,
				D5815C5D2E3B3C7800CA589B /* FirebaseInstallations in Frameworks */,
				D5815C552E3B3C7800CA589B /* FirebaseCore in Frameworks */,
				D5815C572E3B3C7800CA589B /* FirebaseDatabase in Frameworks */,
				D5815C592E3B3C7800CA589B /* FirebaseFirestore in Frameworks */,
				D5815C532E3B3C7800CA589B /* FirebaseAuth in Frameworks */,
				D5815C5B2E3B3C7800CA589B /* FirebaseInAppMessaging-Beta in Frameworks */,
				D5815C632E3B3C7800CA589B /* FirebaseRemoteConfig in Frameworks */,
			);
			runOnlyForDeploymentPostprocessing = 0;
		};
		D5E62B352E2F4C5A00ED0E48 /* Frameworks */ = {
			isa = PBXFrameworksBuildPhase;
			buildActionMask = 2147483647;
			files = (
			);
			runOnlyForDeploymentPostprocessing = 0;
		};
		D5E62B3F2E2F4C5A00ED0E48 /* Frameworks */ = {
			isa = PBXFrameworksBuildPhase;
			buildActionMask = 2147483647;
			files = (
			);
			runOnlyForDeploymentPostprocessing = 0;
		};
/* End PBXFrameworksBuildPhase section */

/* Begin PBXGroup section */
		D5E62B222E2F4C5800ED0E48 = {
			isa = PBXGroup;
			children = (
				D5E62B2D2E2F4C5900ED0E48 /* HealthRecord */,
				D5E62B3B2E2F4C5A00ED0E48 /* HealthRecordTests */,
				D5E62B452E2F4C5A00ED0E48 /* HealthRecordUITests */,
				D5E62B2C2E2F4C5900ED0E48 /* Products */,
			);
			sourceTree = "<group>";
		};
		D5E62B2C2E2F4C5900ED0E48 /* Products */ = {
			isa = PBXGroup;
			children = (
				D5E62B2B2E2F4C5900ED0E48 /* HealthRecord.app */,
				D5E62B382E2F4C5A00ED0E48 /* HealthRecordTests.xctest */,
				D5E62B422E2F4C5A00ED0E48 /* HealthRecordUITests.xctest */,
			);
			name = Products;
			sourceTree = "<group>";
		};
/* End PBXGroup section */

/* Begin PBXNativeTarget section */
		D5E62B2A2E2F4C5900ED0E48 /* HealthRecord */ = {
			isa = PBXNativeTarget;
			buildConfigurationList = D5E62B4C2E2F4C5A00ED0E48 /* Build configuration list for PBXNativeTarget "HealthRecord" */;
			buildPhases = (
				D5E62B272E2F4C5900ED0E48 /* Sources */,
				D5E62B282E2F4C5900ED0E48 /* Frameworks */,
				D5E62B292E2F4C5900ED0E48 /* Resources */,
			);
			buildRules = (
			);
			dependencies = (
			);
			fileSystemSynchronizedGroups = (
				D5E62B2D2E2F4C5900ED0E48 /* HealthRecord */,
			);
			name = HealthRecord;
			packageProductDependencies = (
				D5815C502E3B3C7800CA589B /* FirebaseAnalytics */,
				D5815C522E3B3C7800CA589B /* FirebaseAuth */,
				D5815C542E3B3C7800CA589B /* FirebaseCore */,
				D5815C562E3B3C7800CA589B /* FirebaseDatabase */,
				D5815C582E3B3C7800CA589B /* FirebaseFirestore */,
				D5815C5A2E3B3C7800CA589B /* FirebaseInAppMessaging-Beta */,
				D5815C5C2E3B3C7800CA589B /* FirebaseInstallations */,
				D5815C5E2E3B3C7800CA589B /* FirebaseMessaging */,
				D5815C602E3B3C7800CA589B /* FirebasePerformance */,
				D5815C622E3B3C7800CA589B /* FirebaseRemoteConfig */,
			);
			productName = HealthRecord;
			productReference = D5E62B2B2E2F4C5900ED0E48 /* HealthRecord.app */;
			productType = "com.apple.product-type.application";
		};
		D5E62B372E2F4C5A00ED0E48 /* HealthRecordTests */ = {
			isa = PBXNativeTarget;
			buildConfigurationList = D5E62B4F2E2F4C5A00ED0E48 /* Build configuration list for PBXNativeTarget "HealthRecordTests" */;
			buildPhases = (
				D5E62B342E2F4C5A00ED0E48 /* Sources */,
				D5E62B352E2F4C5A00ED0E48 /* Frameworks */,
				D5E62B362E2F4C5A00ED0E48 /* Resources */,
			);
			buildRules = (
			);
			dependencies = (
				D5E62B3A2E2F4C5A00ED0E48 /* PBXTargetDependency */,
			);
			fileSystemSynchronizedGroups = (
				D5E62B3B2E2F4C5A00ED0E48 /* HealthRecordTests */,
			);
			name = HealthRecordTests;
			productName = HealthRecordTests;
			productReference = D5E62B382E2F4C5A00ED0E48 /* HealthRecordTests.xctest */;
			productType = "com.apple.product-type.bundle.unit-test";
		};
		D5E62B412E2F4C5A00ED0E48 /* HealthRecordUITests */ = {
			isa = PBXNativeTarget;
			buildConfigurationList = D5E62B522E2F4C5A00ED0E48 /* Build configuration list for PBXNativeTarget "HealthRecordUITests" */;
			buildPhases = (
				7E70F175C8E0C90ECC7FDA49 /* [CP] Check Pods Manifest.lock */,
				D5E62B3E2E2F4C5A00ED0E48 /* Sources */,
				D5E62B3F2E2F4C5A00ED0E48 /* Frameworks */,
				D5E62B402E2F4C5A00ED0E48 /* Resources */,
				C718530B8068AC2F2B03ECEE /* [CP] Embed Pods Frameworks */,
			);
			buildRules = (
			);
			dependencies = (
				D5E62B442E2F4C5A00ED0E48 /* PBXTargetDependency */,
			);
			fileSystemSynchronizedGroups = (
				D5E62B452E2F4C5A00ED0E48 /* HealthRecordUITests */,
			);
			name = HealthRecordUITests;
			productName = HealthRecordUITests;
			productReference = D5E62B422E2F4C5A00ED0E48 /* HealthRecordUITests.xctest */;
			productType = "com.apple.product-type.bundle.ui-testing";
		};
/* End PBXNativeTarget section */

/* Begin PBXProject section */
		D5E62B232E2F4C5800ED0E48 /* Project object */ = {
			isa = PBXProject;
			attributes = {
				BuildIndependentTargetsInParallel = 1;
				LastSwiftUpdateCheck = 1640;
				LastUpgradeCheck = 1640;
				TargetAttributes = {
					D5E62B2A2E2F4C5900ED0E48 = {
						CreatedOnToolsVersion = 16.4;
					};
					D5E62B372E2F4C5A00ED0E48 = {
						CreatedOnToolsVersion = 16.4;
						TestTargetID = D5E62B2A2E2F4C5900ED0E48;
					};
					D5E62B412E2F4C5A00ED0E48 = {
						CreatedOnToolsVersion = 16.4;
						TestTargetID = D5E62B2A2E2F4C5900ED0E48;
					};
				};
			};
			buildConfigurationList = D5E62B262E2F4C5800ED0E48 /* Build configuration list for PBXProject "HealthRecord" */;
			developmentRegion = en;
			hasScannedForEncodings = 0;
			knownRegions = (
				en,
				Base,
			);
			mainGroup = D5E62B222E2F4C5800ED0E48;
			minimizedProjectReferenceProxies = 1;
			packageReferences = (
				D5815C4F2E3B3C7800CA589B /* XCRemoteSwiftPackageReference "firebase-ios-sdk" */,
			);
			preferredProjectObjectVersion = 77;
			productRefGroup = D5E62B2C2E2F4C5900ED0E48 /* Products */;
			projectDirPath = "";
			projectRoot = "";
			targets = (
				D5E62B2A2E2F4C5900ED0E48 /* HealthRecord */,
				D5E62B372E2F4C5A00ED0E48 /* HealthRecordTests */,
				D5E62B412E2F4C5A00ED0E48 /* HealthRecordUITests */,
			);
		};
/* End PBXProject section */

/* Begin PBXResourcesBuildPhase section */
		D5E62B292E2F4C5900ED0E48 /* Resources */ = {
			isa = PBXResourcesBuildPhase;
			buildActionMask = 2147483647;
			files = (
			);
			runOnlyForDeploymentPostprocessing = 0;
		};
		D5E62B362E2F4C5A00ED0E48 /* Resources */ = {
			isa = PBXResourcesBuildPhase;
			buildActionMask = 2147483647;
			files = (
			);
			runOnlyForDeploymentPostprocessing = 0;
		};
		D5E62B402E2F4C5A00ED0E48 /* Resources */ = {
			isa = PBXResourcesBuildPhase;
			buildActionMask = 2147483647;
			files = (
			);
			runOnlyForDeploymentPostprocessing = 0;
		};
/* End PBXResourcesBuildPhase section */

/* Begin PBXShellScriptBuildPhase section */
		7E70F175C8E0C90ECC7FDA49 /* [CP] Check Pods Manifest.lock */ = {
			isa = PBXShellScriptBuildPhase;
			buildActionMask = 2147483647;
			files = (
			);
			inputFileListPaths = (
			);
			inputPaths = (
				"${PODS_PODFILE_DIR_PATH}/Podfile.lock",
				"${PODS_ROOT}/Manifest.lock",
			);
			name = "[CP] Check Pods Manifest.lock";
			outputFileListPaths = (
			);
			outputPaths = (
				"$(DERIVED_FILE_DIR)/Pods-HealthRecord-HealthRecordUITests-checkManifestLockResult.txt",
			);
			runOnlyForDeploymentPostprocessing = 0;
			shellPath = /bin/sh;
			shellScript = "diff \"${PODS_PODFILE_DIR_PATH}/Podfile.lock\" \"${PODS_ROOT}/Manifest.lock\" > /dev/null\nif [ $? != 0 ] ; then\n    # print error to STDERR\n    echo \"error: The sandbox is not in sync with the Podfile.lock. Run 'pod install' or update your CocoaPods installation.\" >&2\n    exit 1\nfi\n# This output is used by Xcode 'outputs' to avoid re-running this script phase.\necho \"SUCCESS\" > \"${SCRIPT_OUTPUT_FILE_0}\"\n";
			showEnvVarsInLog = 0;
		};
		C718530B8068AC2F2B03ECEE /* [CP] Embed Pods Frameworks */ = {
			isa = PBXShellScriptBuildPhase;
			buildActionMask = 2147483647;
			files = (
			);
			inputFileListPaths = (
				"${PODS_ROOT}/Target Support Files/Pods-HealthRecord-HealthRecordUITests/Pods-HealthRecord-HealthRecordUITests-frameworks-${CONFIGURATION}-input-files.xcfilelist",
			);
			inputPaths = (
			);
			name = "[CP] Embed Pods Frameworks";
			outputFileListPaths = (
				"${PODS_ROOT}/Target Support Files/Pods-HealthRecord-HealthRecordUITests/Pods-HealthRecord-HealthRecordUITests-frameworks-${CONFIGURATION}-output-files.xcfilelist",
			);
			outputPaths = (
			);
			runOnlyForDeploymentPostprocessing = 0;
			shellPath = /bin/sh;
			shellScript = "\"${PODS_ROOT}/Target Support Files/Pods-HealthRecord-HealthRecordUITests/Pods-HealthRecord-HealthRecordUITests-frameworks.sh\"\n";
			showEnvVarsInLog = 0;
		};
/* End PBXShellScriptBuildPhase section */

/* Begin PBXSourcesBuildPhase section */
		D5E62B272E2F4C5900ED0E48 /* Sources */ = {
			isa = PBXSourcesBuildPhase;
			buildActionMask = 2147483647;
			files = (
			);
			runOnlyForDeploymentPostprocessing = 0;
		};
		D5E62B342E2F4C5A00ED0E48 /* Sources */ = {
			isa = PBXSourcesBuildPhase;
			buildActionMask = 2147483647;
			files = (
			);
			runOnlyForDeploymentPostprocessing = 0;
		};
		D5E62B3E2E2F4C5A00ED0E48 /* Sources */ = {
			isa = PBXSourcesBuildPhase;
			buildActionMask = 2147483647;
			files = (
			);
			runOnlyForDeploymentPostprocessing = 0;
		};
/* End PBXSourcesBuildPhase section */

/* Begin PBXTargetDependency section */
		D5E62B3A2E2F4C5A00ED0E48 /* PBXTargetDependency */ = {
			isa = PBXTargetDependency;
			target = D5E62B2A2E2F4C5900ED0E48 /* HealthRecord */;
			targetProxy = D5E62B392E2F4C5A00ED0E48 /* PBXContainerItemProxy */;
		};
		D5E62B442E2F4C5A00ED0E48 /* PBXTargetDependency */ = {
			isa = PBXTargetDependency;
			target = D5E62B2A2E2F4C5900ED0E48 /* HealthRecord */;
			targetProxy = D5E62B432E2F4C5A00ED0E48 /* PBXContainerItemProxy */;
		};
/* End PBXTargetDependency section */

/* Begin XCBuildConfiguration section */
		D5E62B4A2E2F4C5A00ED0E48 /* Debug */ = {
			isa = XCBuildConfiguration;
			buildSettings = {
				ALWAYS_SEARCH_USER_PATHS = NO;
				ASSETCATALOG_COMPILER_GENERATE_SWIFT_ASSET_SYMBOL_EXTENSIONS = YES;
				CLANG_ANALYZER_NONNULL = YES;
				CLANG_ANALYZER_NUMBER_OBJECT_CONVERSION = YES_AGGRESSIVE;
				CLANG_CXX_LANGUAGE_STANDARD = "gnu++20";
				CLANG_ENABLE_MODULES = YES;
				CLANG_ENABLE_OBJC_ARC = YES;
				CLANG_ENABLE_OBJC_WEAK = YES;
				CLANG_WARN_BLOCK_CAPTURE_AUTORELEASING = YES;
				CLANG_WARN_BOOL_CONVERSION = YES;
				CLANG_WARN_COMMA = YES;
				CLANG_WARN_CONSTANT_CONVERSION = YES;
				CLANG_WARN_DEPRECATED_OBJC_IMPLEMENTATIONS = YES;
				CLANG_WARN_DIRECT_OBJC_ISA_USAGE = YES_ERROR;
				CLANG_WARN_DOCUMENTATION_COMMENTS = YES;
				CLANG_WARN_EMPTY_BODY = YES;
				CLANG_WARN_ENUM_CONVERSION = YES;
				CLANG_WARN_INFINITE_RECURSION = YES;
				CLANG_WARN_INT_CONVERSION = YES;
				CLANG_WARN_NON_LITERAL_NULL_CONVERSION = YES;
				CLANG_WARN_OBJC_IMPLICIT_RETAIN_SELF = YES;
				CLANG_WARN_OBJC_LITERAL_CONVERSION = YES;
				CLANG_WARN_OBJC_ROOT_CLASS = YES_ERROR;
				CLANG_WARN_QUOTED_INCLUDE_IN_FRAMEWORK_HEADER = YES;
				CLANG_WARN_RANGE_LOOP_ANALYSIS = YES;
				CLANG_WARN_STRICT_PROTOTYPES = YES;
				CLANG_WARN_SUSPICIOUS_MOVE = YES;
				CLANG_WARN_UNGUARDED_AVAILABILITY = YES_AGGRESSIVE;
				CLANG_WARN_UNREACHABLE_CODE = YES;
				CLANG_WARN__DUPLICATE_METHOD_MATCH = YES;
				COPY_PHASE_STRIP = NO;
				DEBUG_INFORMATION_FORMAT = dwarf;
				ENABLE_STRICT_OBJC_MSGSEND = YES;
				ENABLE_TESTABILITY = YES;
				ENABLE_USER_SCRIPT_SANDBOXING = YES;
				GCC_C_LANGUAGE_STANDARD = gnu17;
				GCC_DYNAMIC_NO_PIC = NO;
				GCC_NO_COMMON_BLOCKS = YES;
				GCC_OPTIMIZATION_LEVEL = 0;
				GCC_PREPROCESSOR_DEFINITIONS = (
					"DEBUG=1",
					"$(inherited)",
				);
				GCC_WARN_64_TO_32_BIT_CONVERSION = YES;
				GCC_WARN_ABOUT_RETURN_TYPE = YES_ERROR;
				GCC_WARN_UNDECLARED_SELECTOR = YES;
				GCC_WARN_UNINITIALIZED_AUTOS = YES_AGGRESSIVE;
				GCC_WARN_UNUSED_FUNCTION = YES;
				GCC_WARN_UNUSED_VARIABLE = YES;
				IPHONEOS_DEPLOYMENT_TARGET = 18.5;
				LOCALIZATION_PREFERS_STRING_CATALOGS = YES;
				MTL_ENABLE_DEBUG_INFO = INCLUDE_SOURCE;
				MTL_FAST_MATH = YES;
				ONLY_ACTIVE_ARCH = YES;
				SDKROOT = iphoneos;
				SWIFT_ACTIVE_COMPILATION_CONDITIONS = "DEBUG $(inherited)";
				SWIFT_OPTIMIZATION_LEVEL = "-Onone";
			};
			name = Debug;
		};
		D5E62B4B2E2F4C5A00ED0E48 /* Release */ = {
			isa = XCBuildConfiguration;
			buildSettings = {
				ALWAYS_SEARCH_USER_PATHS = NO;
				ASSETCATALOG_COMPILER_GENERATE_SWIFT_ASSET_SYMBOL_EXTENSIONS = YES;
				CLANG_ANALYZER_NONNULL = YES;
				CLANG_ANALYZER_NUMBER_OBJECT_CONVERSION = YES_AGGRESSIVE;
				CLANG_CXX_LANGUAGE_STANDARD = "gnu++20";
				CLANG_ENABLE_MODULES = YES;
				CLANG_ENABLE_OBJC_ARC = YES;
				CLANG_ENABLE_OBJC_WEAK = YES;
				CLANG_WARN_BLOCK_CAPTURE_AUTORELEASING = YES;
				CLANG_WARN_BOOL_CONVERSION = YES;
				CLANG_WARN_COMMA = YES;
				CLANG_WARN_CONSTANT_CONVERSION = YES;
				CLANG_WARN_DEPRECATED_OBJC_IMPLEMENTATIONS = YES;
				CLANG_WARN_DIRECT_OBJC_ISA_USAGE = YES_ERROR;
				CLANG_WARN_DOCUMENTATION_COMMENTS = YES;
				CLANG_WARN_EMPTY_BODY = YES;
				CLANG_WARN_ENUM_CONVERSION = YES;
				CLANG_WARN_INFINITE_RECURSION = YES;
				CLANG_WARN_INT_CONVERSION = YES;
				CLANG_WARN_NON_LITERAL_NULL_CONVERSION = YES;
				CLANG_WARN_OBJC_IMPLICIT_RETAIN_SELF = YES;
				CLANG_WARN_OBJC_LITERAL_CONVERSION = YES;
				CLANG_WARN_OBJC_ROOT_CLASS = YES_ERROR;
				CLANG_WARN_QUOTED_INCLUDE_IN_FRAMEWORK_HEADER = YES;
				CLANG_WARN_RANGE_LOOP_ANALYSIS = YES;
				CLANG_WARN_STRICT_PROTOTYPES = YES;
				CLANG_WARN_SUSPICIOUS_MOVE = YES;
				CLANG_WARN_UNGUARDED_AVAILABILITY = YES_AGGRESSIVE;
				CLANG_WARN_UNREACHABLE_CODE = YES;
				CLANG_WARN__DUPLICATE_METHOD_MATCH = YES;
				COPY_PHASE_STRIP = NO;
				DEBUG_INFORMATION_FORMAT = "dwarf-with-dsym";
				ENABLE_NS_ASSERTIONS = NO;
				ENABLE_STRICT_OBJC_MSGSEND = YES;
				ENABLE_USER_SCRIPT_SANDBOXING = YES;
				GCC_C_LANGUAGE_STANDARD = gnu17;
				GCC_NO_COMMON_BLOCKS = YES;
				GCC_WARN_64_TO_32_BIT_CONVERSION = YES;
				GCC_WARN_ABOUT_RETURN_TYPE = YES_ERROR;
				GCC_WARN_UNDECLARED_SELECTOR = YES;
				GCC_WARN_UNINITIALIZED_AUTOS = YES_AGGRESSIVE;
				GCC_WARN_UNUSED_FUNCTION = YES;
				GCC_WARN_UNUSED_VARIABLE = YES;
				IPHONEOS_DEPLOYMENT_TARGET = 18.5;
				LOCALIZATION_PREFERS_STRING_CATALOGS = YES;
				MTL_ENABLE_DEBUG_INFO = NO;
				MTL_FAST_MATH = YES;
				SDKROOT = iphoneos;
				SWIFT_COMPILATION_MODE = wholemodule;
				VALIDATE_PRODUCT = YES;
			};
			name = Release;
		};
		D5E62B4D2E2F4C5A00ED0E48 /* Debug */ = {
			isa = XCBuildConfiguration;
			buildSettings = {
				ASSETCATALOG_COMPILER_APPICON_NAME = AppIcon;
				ASSETCATALOG_COMPILER_GLOBAL_ACCENT_COLOR_NAME = AccentColor;
				CODE_SIGN_STYLE = Automatic;
				CURRENT_PROJECT_VERSION = 1;
				ENABLE_PREVIEWS = YES;
				GENERATE_INFOPLIST_FILE = YES;
				INFOPLIST_KEY_UIApplicationSceneManifest_Generation = YES;
				INFOPLIST_KEY_UIApplicationSupportsIndirectInputEvents = YES;
				INFOPLIST_KEY_UILaunchScreen_Generation = YES;
				INFOPLIST_KEY_UISupportedInterfaceOrientations_iPad = "UIInterfaceOrientationPortrait UIInterfaceOrientationPortraitUpsideDown UIInterfaceOrientationLandscapeLeft UIInterfaceOrientationLandscapeRight";
				INFOPLIST_KEY_UISupportedInterfaceOrientations_iPhone = "UIInterfaceOrientationPortrait UIInterfaceOrientationLandscapeLeft UIInterfaceOrientationLandscapeRight";
				LD_RUNPATH_SEARCH_PATHS = (
					"$(inherited)",
					"@executable_path/Frameworks",
				);
				MARKETING_VERSION = 1.0;
				PRODUCT_BUNDLE_IDENTIFIER = com.keshav.HealthRecord;
				PRODUCT_NAME = "$(TARGET_NAME)";
				SWIFT_EMIT_LOC_STRINGS = YES;
				SWIFT_VERSION = 5.0;
				TARGETED_DEVICE_FAMILY = "1,2";
			};
			name = Debug;
		};
		D5E62B4E2E2F4C5A00ED0E48 /* Release */ = {
			isa = XCBuildConfiguration;
			buildSettings = {
				ASSETCATALOG_COMPILER_APPICON_NAME = AppIcon;
				ASSETCATALOG_COMPILER_GLOBAL_ACCENT_COLOR_NAME = AccentColor;
				CODE_SIGN_STYLE = Automatic;
				CURRENT_PROJECT_VERSION = 1;
				ENABLE_PREVIEWS = YES;
				GENERATE_INFOPLIST_FILE = YES;
				INFOPLIST_KEY_UIApplicationSceneManifest_Generation = YES;
				INFOPLIST_KEY_UIApplicationSupportsIndirectInputEvents = YES;
				INFOPLIST_KEY_UILaunchScreen_Generation = YES;
				INFOPLIST_KEY_UISupportedInterfaceOrientations_iPad = "UIInterfaceOrientationPortrait UIInterfaceOrientationPortraitUpsideDown UIInterfaceOrientationLandscapeLeft UIInterfaceOrientationLandscapeRight";
				INFOPLIST_KEY_UISupportedInterfaceOrientations_iPhone = "UIInterfaceOrientationPortrait UIInterfaceOrientationLandscapeLeft UIInterfaceOrientationLandscapeRight";
				LD_RUNPATH_SEARCH_PATHS = (
					"$(inherited)",
					"@executable_path/Frameworks",
				);
				MARKETING_VERSION = 1.0;
				PRODUCT_BUNDLE_IDENTIFIER = com.keshav.HealthRecord;
				PRODUCT_NAME = "$(TARGET_NAME)";
				SWIFT_EMIT_LOC_STRINGS = YES;
				SWIFT_VERSION = 5.0;
				TARGETED_DEVICE_FAMILY = "1,2";
			};
			name = Release;
		};
		D5E62B502E2F4C5A00ED0E48 /* Debug */ = {
			isa = XCBuildConfiguration;
			buildSettings = {
				BUNDLE_LOADER = "$(TEST_HOST)";
				CODE_SIGN_STYLE = Automatic;
				CURRENT_PROJECT_VERSION = 1;
				GENERATE_INFOPLIST_FILE = YES;
				IPHONEOS_DEPLOYMENT_TARGET = 18.5;
				MARKETING_VERSION = 1.0;
				PRODUCT_BUNDLE_IDENTIFIER = com.keshav.HealthRecordTests;
				PRODUCT_NAME = "$(TARGET_NAME)";
				SWIFT_EMIT_LOC_STRINGS = NO;
				SWIFT_VERSION = 5.0;
				TARGETED_DEVICE_FAMILY = "1,2";
				TEST_HOST = "$(BUILT_PRODUCTS_DIR)/HealthRecord.app/$(BUNDLE_EXECUTABLE_FOLDER_PATH)/HealthRecord";
			};
			name = Debug;
		};
		D5E62B512E2F4C5A00ED0E48 /* Release */ = {
			isa = XCBuildConfiguration;
			buildSettings = {
				BUNDLE_LOADER = "$(TEST_HOST)";
				CODE_SIGN_STYLE = Automatic;
				CURRENT_PROJECT_VERSION = 1;
				GENERATE_INFOPLIST_FILE = YES;
				IPHONEOS_DEPLOYMENT_TARGET = 18.5;
				MARKETING_VERSION = 1.0;
				PRODUCT_BUNDLE_IDENTIFIER = com.keshav.HealthRecordTests;
				PRODUCT_NAME = "$(TARGET_NAME)";
				SWIFT_EMIT_LOC_STRINGS = NO;
				SWIFT_VERSION = 5.0;
				TARGETED_DEVICE_FAMILY = "1,2";
				TEST_HOST = "$(BUILT_PRODUCTS_DIR)/HealthRecord.app/$(BUNDLE_EXECUTABLE_FOLDER_PATH)/HealthRecord";
			};
			name = Release;
		};
		D5E62B532E2F4C5A00ED0E48 /* Debug */ = {
			isa = XCBuildConfiguration;
			buildSettings = {
				CODE_SIGN_STYLE = Automatic;
				CURRENT_PROJECT_VERSION = 1;
				GENERATE_INFOPLIST_FILE = YES;
				MARKETING_VERSION = 1.0;
				PRODUCT_BUNDLE_IDENTIFIER = com.keshav.HealthRecordUITests;
				PRODUCT_NAME = "$(TARGET_NAME)";
				SWIFT_EMIT_LOC_STRINGS = NO;
				SWIFT_VERSION = 5.0;
				TARGETED_DEVICE_FAMILY = "1,2";
				TEST_TARGET_NAME = HealthRecord;
			};
			name = Debug;
		};
		D5E62B542E2F4C5A00ED0E48 /* Release */ = {
			isa = XCBuildConfiguration;
			buildSettings = {
				CODE_SIGN_STYLE = Automatic;
				CURRENT_PROJECT_VERSION = 1;
				GENERATE_INFOPLIST_FILE = YES;
				MARKETING_VERSION = 1.0;
				PRODUCT_BUNDLE_IDENTIFIER = com.keshav.HealthRecordUITests;
				PRODUCT_NAME = "$(TARGET_NAME)";
				SWIFT_EMIT_LOC_STRINGS = NO;
				SWIFT_VERSION = 5.0;
				TARGETED_DEVICE_FAMILY = "1,2";
				TEST_TARGET_NAME = HealthRecord;
			};
			name = Release;
		};
/* End XCBuildConfiguration section */

/* Begin XCConfigurationList section */
		D5E62B262E2F4C5800ED0E48 /* Build configuration list for PBXProject "HealthRecord" */ = {
			isa = XCConfigurationList;
			buildConfigurations = (
				D5E62B4A2E2F4C5A00ED0E48 /* Debug */,
				D5E62B4B2E2F4C5A00ED0E48 /* Release */,
			);
			defaultConfigurationIsVisible = 0;
			defaultConfigurationName = Release;
		};
		D5E62B4C2E2F4C5A00ED0E48 /* Build configuration list for PBXNativeTarget "HealthRecord" */ = {
			isa = XCConfigurationList;
			buildConfigurations = (
				D5E62B4D2E2F4C5A00ED0E48 /* Debug */,
				D5E62B4E2E2F4C5A00ED0E48 /* Release */,
			);
			defaultConfigurationIsVisible = 0;
			defaultConfigurationName = Release;
		};
		D5E62B4F2E2F4C5A00ED0E48 /* Build configuration list for PBXNativeTarget "HealthRecordTests" */ = {
			isa = XCConfigurationList;
			buildConfigurations = (
				D5E62B502E2F4C5A00ED0E48 /* Debug */,
				D5E62B512E2F4C5A00ED0E48 /* Release */,
			);
			defaultConfigurationIsVisible = 0;
			defaultConfigurationName = Release;
		};
		D5E62B522E2F4C5A00ED0E48 /* Build configuration list for PBXNativeTarget "HealthRecordUITests" */ = {
			isa = XCConfigurationList;
			buildConfigurations = (
				D5E62B532E2F4C5A00ED0E48 /* Debug */,
				D5E62B542E2F4C5A00ED0E48 /* Release */,
			);
			defaultConfigurationIsVisible = 0;
			defaultConfigurationName = Release;
		};
/* End XCConfigurationList section */

/* Begin XCRemoteSwiftPackageReference section */
		D5815C4F2E3B3C7800CA589B /* XCRemoteSwiftPackageReference "firebase-ios-sdk" */ = {
			isa = XCRemoteSwiftPackageReference;
			repositoryURL = "https://github.com/firebase/firebase-ios-sdk";
			requirement = {
				kind = upToNextMajorVersion;
				minimumVersion = 12.0.0;
			};
		};
/* End XCRemoteSwiftPackageReference section */

/* Begin XCSwiftPackageProductDependency section */
		D5815C502E3B3C7800CA589B /* FirebaseAnalytics */ = {
			isa = XCSwiftPackageProductDependency;
			package = D5815C4F2E3B3C7800CA589B /* XCRemoteSwiftPackageReference "firebase-ios-sdk" */;
			productName = FirebaseAnalytics;
		};
		D5815C522E3B3C7800CA589B /* FirebaseAuth */ = {
			isa = XCSwiftPackageProductDependency;
			package = D5815C4F2E3B3C7800CA589B /* XCRemoteSwiftPackageReference "firebase-ios-sdk" */;
			productName = FirebaseAuth;
		};
		D5815C542E3B3C7800CA589B /* FirebaseCore */ = {
			isa = XCSwiftPackageProductDependency;
			package = D5815C4F2E3B3C7800CA589B /* XCRemoteSwiftPackageReference "firebase-ios-sdk" */;
			productName = FirebaseCore;
		};
		D5815C562E3B3C7800CA589B /* FirebaseDatabase */ = {
			isa = XCSwiftPackageProductDependency;
			package = D5815C4F2E3B3C7800CA589B /* XCRemoteSwiftPackageReference "firebase-ios-sdk" */;
			productName = FirebaseDatabase;
		};
		D5815C582E3B3C7800CA589B /* FirebaseFirestore */ = {
			isa = XCSwiftPackageProductDependency;
			package = D5815C4F2E3B3C7800CA589B /* XCRemoteSwiftPackageReference "firebase-ios-sdk" */;
			productName = FirebaseFirestore;
		};
		D5815C5A2E3B3C7800CA589B /* FirebaseInAppMessaging-Beta */ = {
			isa = XCSwiftPackageProductDependency;
			package = D5815C4F2E3B3C7800CA589B /* XCRemoteSwiftPackageReference "firebase-ios-sdk" */;
			productName = "FirebaseInAppMessaging-Beta";
		};
		D5815C5C2E3B3C7800CA589B /* FirebaseInstallations */ = {
			isa = XCSwiftPackageProductDependency;
			package = D5815C4F2E3B3C7800CA589B /* XCRemoteSwiftPackageReference "firebase-ios-sdk" */;
			productName = FirebaseInstallations;
		};
		D5815C5E2E3B3C7800CA589B /* FirebaseMessaging */ = {
			isa = XCSwiftPackageProductDependency;
			package = D5815C4F2E3B3C7800CA589B /* XCRemoteSwiftPackageReference "firebase-ios-sdk" */;
			productName = FirebaseMessaging;
		};
		D5815C602E3B3C7800CA589B /* FirebasePerformance */ = {
			isa = XCSwiftPackageProductDependency;
			package = D5815C4F2E3B3C7800CA589B /* XCRemoteSwiftPackageReference "firebase-ios-sdk" */;
			productName = FirebasePerformance;
		};
		D5815C622E3B3C7800CA589B /* FirebaseRemoteConfig */ = {
			isa = XCSwiftPackageProductDependency;
			package = D5815C4F2E3B3C7800CA589B /* XCRemoteSwiftPackageReference "firebase-ios-sdk" */;
			productName = FirebaseRemoteConfig;
		};
/* End XCSwiftPackageProductDependency section */
	};
	rootObject = D5E62B232E2F4C5800ED0E48 /* Project object */;
}
